
Microsoft Visual Studio Solution File, Format Version 12.00
# Visual Studio Version 17
VisualStudioVersion = 17.0.31903.59
MinimumVisualStudioVersion = 10.0.40219.1
Project("{2150E333-8FDC-42A3-9474-1A3956D46DE8}") = "domain", "domain", "{1C51983C-15AD-429E-9259-F0577F833507}"
EndProject
Project("{FAE04EC0-301F-11D3-BF4B-00C04F79EFBC}") = "Store", "domain\Store\Store.csproj", "{A148FA04-C484-439D-8862-63DC27EC1413}"
EndProject
Global
	GlobalSection(SolutionConfigurationPlatforms) = preSolution
		Debug|Any CPU = Debug|Any CPU
		Release|Any CPU = Release|Any CPU
	EndGlobalSection
	GlobalSection(SolutionProperties) = preSolution
		HideSolutionNode = FALSE
	EndGlobalSection
	GlobalSection(ProjectConfigurationPlatforms) = postSolution
		{A148FA04-C484-439D-8862-63DC27EC1413}.Debug|Any CPU.ActiveCfg = Debug|Any CPU
		{A148FA04-C484-439D-8862-63DC27EC1413}.Debug|Any CPU.Build.0 = Debug|Any CPU
		{A148FA04-C484-439D-8862-63DC27EC1413}.Release|Any CPU.ActiveCfg = Release|Any CPU
		{A148FA04-C484-439D-8862-63DC27EC1413}.Release|Any CPU.Build.0 = Release|Any CPU
	EndGlobalSection
	GlobalSection(NestedProjects) = preSolution
		{A148FA04-C484-439D-8862-63DC27EC1413} = {1C51983C-15AD-429E-9259-F0577F833507}
	EndGlobalSection
EndGlobal
